// !$*UTF8*$!
{
	archiveVersion = 1;
	classes = {
	};
	objectVersion = 50;
	objects = {

/* Begin PBXBuildFile section */
		57FEAE02248DD2E100DD4059 /* AppDelegate.swift in Sources */ = {isa = PBXBuildFile; fileRef = 57FEAE01248DD2E100DD4059 /* AppDelegate.swift */; };
		57FEAE04248DD2E100DD4059 /* SceneDelegate.swift in Sources */ = {isa = PBXBuildFile; fileRef = 57FEAE03248DD2E100DD4059 /* SceneDelegate.swift */; };
		57FEAE06248DD2E100DD4059 /* ViewController.swift in Sources */ = {isa = PBXBuildFile; fileRef = 57FEAE05248DD2E100DD4059 /* ViewController.swift */; };
		57FEAE09248DD2E100DD4059 /* Main.storyboard in Resources */ = {isa = PBXBuildFile; fileRef = 57FEAE07248DD2E100DD4059 /* Main.storyboard */; };
		57FEAE0B248DD2E300DD4059 /* Assets.xcassets in Resources */ = {isa = PBXBuildFile; fileRef = 57FEAE0A248DD2E300DD4059 /* Assets.xcassets */; };
		57FEAE0E248DD2E300DD4059 /* LaunchScreen.storyboard in Resources */ = {isa = PBXBuildFile; fileRef = 57FEAE0C248DD2E300DD4059 /* LaunchScreen.storyboard */; };
		57FEAE18248DDF5500DD4059 /* GunduField.scnassets in Resources */ = {isa = PBXBuildFile; fileRef = 57FEAE17248DDF5500DD4059 /* GunduField.scnassets */; };
		A170CAC72492AA1600F931C6 /* CameraController.swift in Sources */ = {isa = PBXBuildFile; fileRef = A170CAC62492AA1600F931C6 /* CameraController.swift */; };
		A170CAC92492ACAA00F931C6 /* AchievementController.swift in Sources */ = {isa = PBXBuildFile; fileRef = A170CAC82492ACAA00F931C6 /* AchievementController.swift */; };
		A170CACB2496A17D00F931C6 /* CustomController.swift in Sources */ = {isa = PBXBuildFile; fileRef = A170CACA2496A17D00F931C6 /* CustomController.swift */; };
		A17501252491608500C7930D /* WelcomeScreen.storyboard in Resources */ = {isa = PBXBuildFile; fileRef = A17501242491608500C7930D /* WelcomeScreen.storyboard */; };
		A175012724916DB700C7930D /* WelcomeController.swift in Sources */ = {isa = PBXBuildFile; fileRef = A175012624916DB700C7930D /* WelcomeController.swift */; };
/* End PBXBuildFile section */

/* Begin PBXFileReference section */
		57FEADFE248DD2E100DD4059 /* Gundula.app */ = {isa = PBXFileReference; explicitFileType = wrapper.application; includeInIndex = 0; path = Gundula.app; sourceTree = BUILT_PRODUCTS_DIR; };
		57FEAE01248DD2E100DD4059 /* AppDelegate.swift */ = {isa = PBXFileReference; lastKnownFileType = sourcecode.swift; path = AppDelegate.swift; sourceTree = "<group>"; };
		57FEAE03248DD2E100DD4059 /* SceneDelegate.swift */ = {isa = PBXFileReference; lastKnownFileType = sourcecode.swift; path = SceneDelegate.swift; sourceTree = "<group>"; };
		57FEAE05248DD2E100DD4059 /* ViewController.swift */ = {isa = PBXFileReference; lastKnownFileType = sourcecode.swift; path = ViewController.swift; sourceTree = "<group>"; };
		57FEAE08248DD2E100DD4059 /* Base */ = {isa = PBXFileReference; lastKnownFileType = file.storyboard; name = Base; path = Base.lproj/Main.storyboard; sourceTree = "<group>"; };
		57FEAE0A248DD2E300DD4059 /* Assets.xcassets */ = {isa = PBXFileReference; lastKnownFileType = folder.assetcatalog; path = Assets.xcassets; sourceTree = "<group>"; };
		57FEAE0D248DD2E300DD4059 /* Base */ = {isa = PBXFileReference; lastKnownFileType = file.storyboard; name = Base; path = Base.lproj/LaunchScreen.storyboard; sourceTree = "<group>"; };
		57FEAE0F248DD2E300DD4059 /* Info.plist */ = {isa = PBXFileReference; lastKnownFileType = text.plist.xml; path = Info.plist; sourceTree = "<group>"; };
		57FEAE17248DDF5500DD4059 /* GunduField.scnassets */ = {isa = PBXFileReference; lastKnownFileType = wrapper.scnassets; path = GunduField.scnassets; sourceTree = "<group>"; };
		A170CAC62492AA1600F931C6 /* CameraController.swift */ = {isa = PBXFileReference; lastKnownFileType = sourcecode.swift; path = CameraController.swift; sourceTree = "<group>"; };
		A170CAC82492ACAA00F931C6 /* AchievementController.swift */ = {isa = PBXFileReference; lastKnownFileType = sourcecode.swift; path = AchievementController.swift; sourceTree = "<group>"; };
		A170CACA2496A17D00F931C6 /* CustomController.swift */ = {isa = PBXFileReference; lastKnownFileType = sourcecode.swift; path = CustomController.swift; sourceTree = "<group>"; };
		A17501242491608500C7930D /* WelcomeScreen.storyboard */ = {isa = PBXFileReference; lastKnownFileType = file.storyboard; path = WelcomeScreen.storyboard; sourceTree = "<group>"; };
		A175012624916DB700C7930D /* WelcomeController.swift */ = {isa = PBXFileReference; lastKnownFileType = sourcecode.swift; path = WelcomeController.swift; sourceTree = "<group>"; };
/* End PBXFileReference section */

/* Begin PBXFrameworksBuildPhase section */
		57FEADFB248DD2E100DD4059 /* Frameworks */ = {
			isa = PBXFrameworksBuildPhase;
			buildActionMask = 2147483647;
			files = (
			);
			runOnlyForDeploymentPostprocessing = 0;
		};
/* End PBXFrameworksBuildPhase section */

/* Begin PBXGroup section */
		57FEADF5248DD2E100DD4059 = {
			isa = PBXGroup;
			children = (
				57FEAE00248DD2E100DD4059 /* Gundula */,
				57FEADFF248DD2E100DD4059 /* Products */,
			);
			sourceTree = "<group>";
		};
		57FEADFF248DD2E100DD4059 /* Products */ = {
			isa = PBXGroup;
			children = (
				57FEADFE248DD2E100DD4059 /* Gundula.app */,
			);
			name = Products;
			sourceTree = "<group>";
		};
		57FEAE00248DD2E100DD4059 /* Gundula */ = {
			isa = PBXGroup;
			children = (
				57FEAE01248DD2E100DD4059 /* AppDelegate.swift */,
				57FEAE03248DD2E100DD4059 /* SceneDelegate.swift */,
				57FEAE05248DD2E100DD4059 /* ViewController.swift */,
				57FEAE07248DD2E100DD4059 /* Main.storyboard */,
				57FEAE0A248DD2E300DD4059 /* Assets.xcassets */,
				57FEAE0C248DD2E300DD4059 /* LaunchScreen.storyboard */,
				57FEAE0F248DD2E300DD4059 /* Info.plist */,
				57FEAE17248DDF5500DD4059 /* GunduField.scnassets */,
				A17501242491608500C7930D /* WelcomeScreen.storyboard */,
				A175012624916DB700C7930D /* WelcomeController.swift */,
				A170CAC62492AA1600F931C6 /* CameraController.swift */,
				A170CAC82492ACAA00F931C6 /* AchievementController.swift */,
				A170CACA2496A17D00F931C6 /* CustomController.swift */,
			);
			path = Gundula;
			sourceTree = "<group>";
		};
/* End PBXGroup section */

/* Begin PBXNativeTarget section */
		57FEADFD248DD2E100DD4059 /* Gundula */ = {
			isa = PBXNativeTarget;
			buildConfigurationList = 57FEAE12248DD2E300DD4059 /* Build configuration list for PBXNativeTarget "Gundula" */;
			buildPhases = (
				57FEADFA248DD2E100DD4059 /* Sources */,
				57FEADFB248DD2E100DD4059 /* Frameworks */,
				57FEADFC248DD2E100DD4059 /* Resources */,
			);
			buildRules = (
			);
			dependencies = (
			);
			name = Gundula;
			productName = Gundula;
			productReference = 57FEADFE248DD2E100DD4059 /* Gundula.app */;
			productType = "com.apple.product-type.application";
		};
/* End PBXNativeTarget section */

/* Begin PBXProject section */
		57FEADF6248DD2E100DD4059 /* Project object */ = {
			isa = PBXProject;
			attributes = {
				LastSwiftUpdateCheck = 1150;
				LastUpgradeCheck = 1150;
				ORGANIZATIONNAME = "Feri Fajri";
				TargetAttributes = {
					57FEADFD248DD2E100DD4059 = {
						CreatedOnToolsVersion = 11.5;
					};
				};
			};
			buildConfigurationList = 57FEADF9248DD2E100DD4059 /* Build configuration list for PBXProject "Gundula" */;
			compatibilityVersion = "Xcode 9.3";
			developmentRegion = en;
			hasScannedForEncodings = 0;
			knownRegions = (
				en,
				Base,
			);
			mainGroup = 57FEADF5248DD2E100DD4059;
			productRefGroup = 57FEADFF248DD2E100DD4059 /* Products */;
			projectDirPath = "";
			projectRoot = "";
			targets = (
				57FEADFD248DD2E100DD4059 /* Gundula */,
			);
		};
/* End PBXProject section */

/* Begin PBXResourcesBuildPhase section */
		57FEADFC248DD2E100DD4059 /* Resources */ = {
			isa = PBXResourcesBuildPhase;
			buildActionMask = 2147483647;
			files = (
				57FEAE0E248DD2E300DD4059 /* LaunchScreen.storyboard in Resources */,
				57FEAE0B248DD2E300DD4059 /* Assets.xcassets in Resources */,
				A17501252491608500C7930D /* WelcomeScreen.storyboard in Resources */,
				57FEAE09248DD2E100DD4059 /* Main.storyboard in Resources */,
				57FEAE18248DDF5500DD4059 /* GunduField.scnassets in Resources */,
			);
			runOnlyForDeploymentPostprocessing = 0;
		};
/* End PBXResourcesBuildPhase section */

/* Begin PBXSourcesBuildPhase section */
		57FEADFA248DD2E100DD4059 /* Sources */ = {
			isa = PBXSourcesBuildPhase;
			buildActionMask = 2147483647;
			files = (
				57FEAE06248DD2E100DD4059 /* ViewController.swift in Sources */,
				57FEAE02248DD2E100DD4059 /* AppDelegate.swift in Sources */,
				A175012724916DB700C7930D /* WelcomeController.swift in Sources */,
				A170CAC92492ACAA00F931C6 /* AchievementController.swift in Sources */,
				A170CACB2496A17D00F931C6 /* CustomController.swift in Sources */,
				57FEAE04248DD2E100DD4059 /* SceneDelegate.swift in Sources */,
				A170CAC72492AA1600F931C6 /* CameraController.swift in Sources */,
			);
			runOnlyForDeploymentPostprocessing = 0;
		};
/* End PBXSourcesBuildPhase section */

/* Begin PBXVariantGroup section */
		57FEAE07248DD2E100DD4059 /* Main.storyboard */ = {
			isa = PBXVariantGroup;
			children = (
				57FEAE08248DD2E100DD4059 /* Base */,
			);
			name = Main.storyboard;
			sourceTree = "<group>";
		};
		57FEAE0C248DD2E300DD4059 /* LaunchScreen.storyboard */ = {
			isa = PBXVariantGroup;
			children = (
				57FEAE0D248DD2E300DD4059 /* Base */,
			);
			name = LaunchScreen.storyboard;
			sourceTree = "<group>";
		};
/* End PBXVariantGroup section */

/* Begin XCBuildConfiguration section */
		57FEAE10248DD2E300DD4059 /* Debug */ = {
			isa = XCBuildConfiguration;
			buildSettings = {
				ALWAYS_SEARCH_USER_PATHS = NO;
				CLANG_ANALYZER_NONNULL = YES;
				CLANG_ANALYZER_NUMBER_OBJECT_CONVERSION = YES_AGGRESSIVE;
				CLANG_CXX_LANGUAGE_STANDARD = "gnu++14";
				CLANG_CXX_LIBRARY = "libc++";
				CLANG_ENABLE_MODULES = YES;
				CLANG_ENABLE_OBJC_ARC = YES;
				CLANG_ENABLE_OBJC_WEAK = YES;
				CLANG_WARN_BLOCK_CAPTURE_AUTORELEASING = YES;
				CLANG_WARN_BOOL_CONVERSION = YES;
				CLANG_WARN_COMMA = YES;
				CLANG_WARN_CONSTANT_CONVERSION = YES;
				CLANG_WARN_DEPRECATED_OBJC_IMPLEMENTATIONS = YES;
				CLANG_WARN_DIRECT_OBJC_ISA_USAGE = YES_ERROR;
				CLANG_WARN_DOCUMENTATION_COMMENTS = YES;
				CLANG_WARN_EMPTY_BODY = YES;
				CLANG_WARN_ENUM_CONVERSION = YES;
				CLANG_WARN_INFINITE_RECURSION = YES;
				CLANG_WARN_INT_CONVERSION = YES;
				CLANG_WARN_NON_LITERAL_NULL_CONVERSION = YES;
				CLANG_WARN_OBJC_IMPLICIT_RETAIN_SELF = YES;
				CLANG_WARN_OBJC_LITERAL_CONVERSION = YES;
				CLANG_WARN_OBJC_ROOT_CLASS = YES_ERROR;
				CLANG_WARN_RANGE_LOOP_ANALYSIS = YES;
				CLANG_WARN_STRICT_PROTOTYPES = YES;
				CLANG_WARN_SUSPICIOUS_MOVE = YES;
				CLANG_WARN_UNGUARDED_AVAILABILITY = YES_AGGRESSIVE;
				CLANG_WARN_UNREACHABLE_CODE = YES;
				CLANG_WARN__DUPLICATE_METHOD_MATCH = YES;
				COPY_PHASE_STRIP = NO;
				DEBUG_INFORMATION_FORMAT = dwarf;
				ENABLE_STRICT_OBJC_MSGSEND = YES;
				ENABLE_TESTABILITY = YES;
				GCC_C_LANGUAGE_STANDARD = gnu11;
				GCC_DYNAMIC_NO_PIC = NO;
				GCC_NO_COMMON_BLOCKS = YES;
				GCC_OPTIMIZATION_LEVEL = 0;
				GCC_PREPROCESSOR_DEFINITIONS = (
					"DEBUG=1",
					"$(inherited)",
				);
				GCC_WARN_64_TO_32_BIT_CONVERSION = YES;
				GCC_WARN_ABOUT_RETURN_TYPE = YES_ERROR;
				GCC_WARN_UNDECLARED_SELECTOR = YES;
				GCC_WARN_UNINITIALIZED_AUTOS = YES_AGGRESSIVE;
				GCC_WARN_UNUSED_FUNCTION = YES;
				GCC_WARN_UNUSED_VARIABLE = YES;
				IPHONEOS_DEPLOYMENT_TARGET = 13.2;
				MTL_ENABLE_DEBUG_INFO = INCLUDE_SOURCE;
				MTL_FAST_MATH = YES;
				ONLY_ACTIVE_ARCH = YES;
				SDKROOT = iphoneos;
				SWIFT_ACTIVE_COMPILATION_CONDITIONS = DEBUG;
				SWIFT_OPTIMIZATION_LEVEL = "-Onone";
			};
			name = Debug;
		};
		57FEAE11248DD2E300DD4059 /* Release */ = {
			isa = XCBuildConfiguration;
			buildSettings = {
				ALWAYS_SEARCH_USER_PATHS = NO;
				CLANG_ANALYZER_NONNULL = YES;
				CLANG_ANALYZER_NUMBER_OBJECT_CONVERSION = YES_AGGRESSIVE;
				CLANG_CXX_LANGUAGE_STANDARD = "gnu++14";
				CLANG_CXX_LIBRARY = "libc++";
				CLANG_ENABLE_MODULES = YES;
				CLANG_ENABLE_OBJC_ARC = YES;
				CLANG_ENABLE_OBJC_WEAK = YES;
				CLANG_WARN_BLOCK_CAPTURE_AUTORELEASING = YES;
				CLANG_WARN_BOOL_CONVERSION = YES;
				CLANG_WARN_COMMA = YES;
				CLANG_WARN_CONSTANT_CONVERSION = YES;
				CLANG_WARN_DEPRECATED_OBJC_IMPLEMENTATIONS = YES;
				CLANG_WARN_DIRECT_OBJC_ISA_USAGE = YES_ERROR;
				CLANG_WARN_DOCUMENTATION_COMMENTS = YES;
				CLANG_WARN_EMPTY_BODY = YES;
				CLANG_WARN_ENUM_CONVERSION = YES;
				CLANG_WARN_INFINITE_RECURSION = YES;
				CLANG_WARN_INT_CONVERSION = YES;
				CLANG_WARN_NON_LITERAL_NULL_CONVERSION = YES;
				CLANG_WARN_OBJC_IMPLICIT_RETAIN_SELF = YES;
				CLANG_WARN_OBJC_LITERAL_CONVERSION = YES;
				CLANG_WARN_OBJC_ROOT_CLASS = YES_ERROR;
				CLANG_WARN_RANGE_LOOP_ANALYSIS = YES;
				CLANG_WARN_STRICT_PROTOTYPES = YES;
				CLANG_WARN_SUSPICIOUS_MOVE = YES;
				CLANG_WARN_UNGUARDED_AVAILABILITY = YES_AGGRESSIVE;
				CLANG_WARN_UNREACHABLE_CODE = YES;
				CLANG_WARN__DUPLICATE_METHOD_MATCH = YES;
				COPY_PHASE_STRIP = NO;
				DEBUG_INFORMATION_FORMAT = "dwarf-with-dsym";
				ENABLE_NS_ASSERTIONS = NO;
				ENABLE_STRICT_OBJC_MSGSEND = YES;
				GCC_C_LANGUAGE_STANDARD = gnu11;
				GCC_NO_COMMON_BLOCKS = YES;
				GCC_WARN_64_TO_32_BIT_CONVERSION = YES;
				GCC_WARN_ABOUT_RETURN_TYPE = YES_ERROR;
				GCC_WARN_UNDECLARED_SELECTOR = YES;
				GCC_WARN_UNINITIALIZED_AUTOS = YES_AGGRESSIVE;
				GCC_WARN_UNUSED_FUNCTION = YES;
				GCC_WARN_UNUSED_VARIABLE = YES;
				IPHONEOS_DEPLOYMENT_TARGET = 13.2;
				MTL_ENABLE_DEBUG_INFO = NO;
				MTL_FAST_MATH = YES;
				SDKROOT = iphoneos;
				SWIFT_COMPILATION_MODE = wholemodule;
				SWIFT_OPTIMIZATION_LEVEL = "-O";
				VALIDATE_PRODUCT = YES;
			};
			name = Release;
		};
		57FEAE13248DD2E300DD4059 /* Debug */ = {
			isa = XCBuildConfiguration;
			buildSettings = {
				ASSETCATALOG_COMPILER_APPICON_NAME = AppIcon;
				CODE_SIGN_STYLE = Automatic;
				DEVELOPMENT_TEAM = 7863FB5B6W;
				INFOPLIST_FILE = Gundula/Info.plist;
				LD_RUNPATH_SEARCH_PATHS = (
					"$(inherited)",
					"@executable_path/Frameworks",
				);
				PRODUCT_BUNDLE_IDENTIFIER = com.ferifajri.Gundula;
				PRODUCT_NAME = "$(TARGET_NAME)";
				SWIFT_VERSION = 5.0;
				TARGETED_DEVICE_FAMILY = "1,2";
			};
			name = Debug;
		};
		57FEAE14248DD2E300DD4059 /* Release */ = {
			isa = XCBuildConfiguration;
			buildSettings = {
				ASSETCATALOG_COMPILER_APPICON_NAME = AppIcon;
				CODE_SIGN_STYLE = Automatic;
				DEVELOPMENT_TEAM = 7863FB5B6W;
				INFOPLIST_FILE = Gundula/Info.plist;
				LD_RUNPATH_SEARCH_PATHS = (
					"$(inherited)",
					"@executable_path/Frameworks",
				);
				PRODUCT_BUNDLE_IDENTIFIER = com.ferifajri.Gundula;
				PRODUCT_NAME = "$(TARGET_NAME)";
				SWIFT_VERSION = 5.0;
				TARGETED_DEVICE_FAMILY = "1,2";
			};
			name = Release;
		};
/* End XCBuildConfiguration section */

/* Begin XCConfigurationList section */
		57FEADF9248DD2E100DD4059 /* Build configuration list for PBXProject "Gundula" */ = {
			isa = XCConfigurationList;
			buildConfigurations = (
				57FEAE10248DD2E300DD4059 /* Debug */,
				57FEAE11248DD2E300DD4059 /* Release */,
			);
			defaultConfigurationIsVisible = 0;
			defaultConfigurationName = Release;
		};
		57FEAE12248DD2E300DD4059 /* Build configuration list for PBXNativeTarget "Gundula" */ = {
			isa = XCConfigurationList;
			buildConfigurations = (
				57FEAE13248DD2E300DD4059 /* Debug */,
				57FEAE14248DD2E300DD4059 /* Release */,
			);
			defaultConfigurationIsVisible = 0;
			defaultConfigurationName = Release;
		};
/* End XCConfigurationList section */
	};
	rootObject = 57FEADF6248DD2E100DD4059 /* Project object */;
}
